// !$*UTF8*$!
{
	archiveVersion = 1;
	classes = {
	};
	objectVersion = 51;
	objects = {

/* Begin PBXBuildFile section */
		039A62206A599261E92DE806 /* Pods_MyCloudMusicSwiftTests.framework in Frameworks */ = {isa = PBXBuildFile; fileRef = 7A6FABE553788BC82C0995BC /* Pods_MyCloudMusicSwiftTests.framework */; };
		340535C9C735AB2D7A927F1F /* Pods_MyCloudMusicSwift.framework in Frameworks */ = {isa = PBXBuildFile; fileRef = AF7AC826D8FBAF3AB208C62A /* Pods_MyCloudMusicSwift.framework */; };
		7035FBEE4B3ACA3D2BED8B43 /* Pods_MyCloudMusicSwift_MyCloudMusicSwiftUITests.framework in Frameworks */ = {isa = PBXBuildFile; fileRef = 5F7CCA78231B42EFC5062078 /* Pods_MyCloudMusicSwift_MyCloudMusicSwiftUITests.framework */; };
		D5060D4A23C4C66F00F875E0 /* GuideController.swift in Sources */ = {isa = PBXBuildFile; fileRef = D5060D4923C4C66F00F875E0 /* GuideController.swift */; };
		D5060D4C23C4C68000F875E0 /* SplashController.swift in Sources */ = {isa = PBXBuildFile; fileRef = D5060D4B23C4C68000F875E0 /* SplashController.swift */; };
		D50D32B323C8053100710DF6 /* StringExtend.swift in Sources */ = {isa = PBXBuildFile; fileRef = D50D32B223C8053100710DF6 /* StringExtend.swift */; };
		D50D32B623C8055A00710DF6 /* StringExtendTests.swift in Sources */ = {isa = PBXBuildFile; fileRef = D50D32B523C8055A00710DF6 /* StringExtendTests.swift */; };
		D50D32B723C8064D00710DF6 /* MyCloudMusicSwiftUITests.swift in Sources */ = {isa = PBXBuildFile; fileRef = D551B26E23C45B650061E4A8 /* MyCloudMusicSwiftUITests.swift */; };
		D551B24F23C45B620061E4A8 /* AppDelegate.swift in Sources */ = {isa = PBXBuildFile; fileRef = D551B24E23C45B620061E4A8 /* AppDelegate.swift */; };
		D551B25123C45B620061E4A8 /* ViewController.swift in Sources */ = {isa = PBXBuildFile; fileRef = D551B25023C45B620061E4A8 /* ViewController.swift */; };
		D551B25423C45B620061E4A8 /* Main.storyboard in Resources */ = {isa = PBXBuildFile; fileRef = D551B25223C45B620061E4A8 /* Main.storyboard */; };
		D551B25623C45B650061E4A8 /* Assets.xcassets in Resources */ = {isa = PBXBuildFile; fileRef = D551B25523C45B650061E4A8 /* Assets.xcassets */; };
		D551B25923C45B650061E4A8 /* LaunchScreen.storyboard in Resources */ = {isa = PBXBuildFile; fileRef = D551B25723C45B650061E4A8 /* LaunchScreen.storyboard */; };
		D551B26423C45B650061E4A8 /* MyCloudMusicSwiftTests.swift in Sources */ = {isa = PBXBuildFile; fileRef = D551B26323C45B650061E4A8 /* MyCloudMusicSwiftTests.swift */; };
		D558018A23C6AD4C00BD5335 /* LoginOrRegisterController.swift in Sources */ = {isa = PBXBuildFile; fileRef = D558018923C6AD4C00BD5335 /* LoginOrRegisterController.swift */; };
		D558018C23C6AFC900BD5335 /* HomeController.swift in Sources */ = {isa = PBXBuildFile; fileRef = D558018B23C6AFC900BD5335 /* HomeController.swift */; };
		D55801AA23C6E68300BD5335 /* UIView+YJBannerViewExt.m in Sources */ = {isa = PBXBuildFile; fileRef = D558019523C6E68300BD5335 /* UIView+YJBannerViewExt.m */; };
		D55801AB23C6E68300BD5335 /* YJBannerView.m in Sources */ = {isa = PBXBuildFile; fileRef = D558019723C6E68300BD5335 /* YJBannerView.m */; };
		D55801AC23C6E68300BD5335 /* YJHollowPageControl.m in Sources */ = {isa = PBXBuildFile; fileRef = D558019B23C6E68300BD5335 /* YJHollowPageControl.m */; };
		D55801AD23C6E68300BD5335 /* YJAbstractDotView.m in Sources */ = {isa = PBXBuildFile; fileRef = D558019C23C6E68300BD5335 /* YJAbstractDotView.m */; };
		D55801AE23C6E68300BD5335 /* YJAnimatedDotView.m in Sources */ = {isa = PBXBuildFile; fileRef = D558019D23C6E68300BD5335 /* YJAnimatedDotView.m */; };
		D55801AF23C6E68300BD5335 /* YJBannerView.bundle in Resources */ = {isa = PBXBuildFile; fileRef = D55801A223C6E68300BD5335 /* YJBannerView.bundle */; };
		D55801B023C6E68300BD5335 /* YJBannerViewCollectionView.m in Sources */ = {isa = PBXBuildFile; fileRef = D55801A423C6E68300BD5335 /* YJBannerViewCollectionView.m */; };
		D55801B123C6E68300BD5335 /* YJBannerViewCell.m in Sources */ = {isa = PBXBuildFile; fileRef = D55801A523C6E68300BD5335 /* YJBannerViewCell.m */; };
		D55801B223C6E68300BD5335 /* YJBannerViewFooter.m in Sources */ = {isa = PBXBuildFile; fileRef = D55801A823C6E68300BD5335 /* YJBannerViewFooter.m */; };
		D55801B423C6F38900BD5335 /* BannerGuideController.swift in Sources */ = {isa = PBXBuildFile; fileRef = D55801B323C6F38900BD5335 /* BannerGuideController.swift */; };
		D55801B623C6FFA500BD5335 /* PreferenceUtil.swift in Sources */ = {isa = PBXBuildFile; fileRef = D55801B523C6FFA500BD5335 /* PreferenceUtil.swift */; };
		D5752CD523C846C70058FE0F /* FileUtil.swift in Sources */ = {isa = PBXBuildFile; fileRef = D5752CD423C846C70058FE0F /* FileUtil.swift */; };
		D5752CD823C847AE0058FE0F /* FileUtilTests.swift in Sources */ = {isa = PBXBuildFile; fileRef = D5752CD723C847AE0058FE0F /* FileUtilTests.swift */; };
		D5752CD923C8487C0058FE0F /* FileUtil.swift in Sources */ = {isa = PBXBuildFile; fileRef = D5752CD423C846C70058FE0F /* FileUtil.swift */; };
		D5752CDC23C8B7500058FE0F /* Service.swift in Sources */ = {isa = PBXBuildFile; fileRef = D5752CDB23C8B7500058FE0F /* Service.swift */; };
		D5752CDF23C954040058FE0F /* SheetWrapper.swift in Sources */ = {isa = PBXBuildFile; fileRef = D5752CDE23C954040058FE0F /* SheetWrapper.swift */; };
		D5752CE123C9543B0058FE0F /* Sheet.swift in Sources */ = {isa = PBXBuildFile; fileRef = D5752CE023C9543B0058FE0F /* Sheet.swift */; };
		D5752CE323C9647A0058FE0F /* ObservableExtend.swift in Sources */ = {isa = PBXBuildFile; fileRef = D5752CE223C964790058FE0F /* ObservableExtend.swift */; };
		D5752CE523C9689C0058FE0F /* BaseResponse.swift in Sources */ = {isa = PBXBuildFile; fileRef = D5752CE423C9689C0058FE0F /* BaseResponse.swift */; };
		D5752CE723C969230058FE0F /* DetailResponse.swift in Sources */ = {isa = PBXBuildFile; fileRef = D5752CE623C969230058FE0F /* DetailResponse.swift */; };
		D5752CE923C96DA60058FE0F /* ListResponse.swift in Sources */ = {isa = PBXBuildFile; fileRef = D5752CE823C96DA60058FE0F /* ListResponse.swift */; };
		D5752CEB23C97D430058FE0F /* Api.swift in Sources */ = {isa = PBXBuildFile; fileRef = D5752CEA23C97D430058FE0F /* Api.swift */; };
		D5752CED23C993E70058FE0F /* HttpUtil.swift in Sources */ = {isa = PBXBuildFile; fileRef = D5752CEC23C993E70058FE0F /* HttpUtil.swift */; };
		D5752CEF23C9B2AD0058FE0F /* BaseModel.swift in Sources */ = {isa = PBXBuildFile; fileRef = D5752CEE23C9B2AD0058FE0F /* BaseModel.swift */; };
		D5752CF123C9BA780058FE0F /* Session.swift in Sources */ = {isa = PBXBuildFile; fileRef = D5752CF023C9BA780058FE0F /* Session.swift */; };
		D5752CF323C9CE680058FE0F /* LoginController.swift in Sources */ = {isa = PBXBuildFile; fileRef = D5752CF223C9CE680058FE0F /* LoginController.swift */; };
		D5752CF523C9E5130058FE0F /* BaseLoginController.swift in Sources */ = {isa = PBXBuildFile; fileRef = D5752CF423C9E5130058FE0F /* BaseLoginController.swift */; };
		D5752CF723C9E6990058FE0F /* BaseCommonController.swift in Sources */ = {isa = PBXBuildFile; fileRef = D5752CF623C9E6990058FE0F /* BaseCommonController.swift */; };
		D57905F323C76291003A4B95 /* RegisterController.swift in Sources */ = {isa = PBXBuildFile; fileRef = D57905F223C76291003A4B95 /* RegisterController.swift */; };
		D57905F523C776CD003A4B95 /* TextFieldExtend.swift in Sources */ = {isa = PBXBuildFile; fileRef = D57905F423C776CC003A4B95 /* TextFieldExtend.swift */; };
		D57905F723C778D2003A4B95 /* BaseController.swift in Sources */ = {isa = PBXBuildFile; fileRef = D57905F623C778D2003A4B95 /* BaseController.swift */; };
		D57905F923C77AEB003A4B95 /* ToastUtil.swift in Sources */ = {isa = PBXBuildFile; fileRef = D57905F823C77AEB003A4B95 /* ToastUtil.swift */; };
		D594D34723C61D890082F9F3 /* Constant.swift in Sources */ = {isa = PBXBuildFile; fileRef = D594D34623C61D890082F9F3 /* Constant.swift */; };
		D594D34923C623CE0082F9F3 /* ViewUtil.swift in Sources */ = {isa = PBXBuildFile; fileRef = D594D34823C623CE0082F9F3 /* ViewUtil.swift */; };
		D594D34C23C625700082F9F3 /* ViewExtend.swift in Sources */ = {isa = PBXBuildFile; fileRef = D594D34B23C625700082F9F3 /* ViewExtend.swift */; };
		D594D34E23C627F70082F9F3 /* ColorExtend.swift in Sources */ = {isa = PBXBuildFile; fileRef = D594D34D23C627F70082F9F3 /* ColorExtend.swift */; };
/* End PBXBuildFile section */

/* Begin PBXContainerItemProxy section */
		D551B26023C45B650061E4A8 /* PBXContainerItemProxy */ = {
			isa = PBXContainerItemProxy;
			containerPortal = D551B24323C45B620061E4A8 /* Project object */;
			proxyType = 1;
			remoteGlobalIDString = D551B24A23C45B620061E4A8;
			remoteInfo = MyCloudMusicSwift;
		};
		D551B26B23C45B650061E4A8 /* PBXContainerItemProxy */ = {
			isa = PBXContainerItemProxy;
			containerPortal = D551B24323C45B620061E4A8 /* Project object */;
			proxyType = 1;
			remoteGlobalIDString = D551B24A23C45B620061E4A8;
			remoteInfo = MyCloudMusicSwift;
		};
/* End PBXContainerItemProxy section */

/* Begin PBXFileReference section */
		2B38DA2844B4C3310461F900 /* Pods-MyCloudMusicSwiftTests.release.xcconfig */ = {isa = PBXFileReference; includeInIndex = 1; lastKnownFileType = text.xcconfig; name = "Pods-MyCloudMusicSwiftTests.release.xcconfig"; path = "Target Support Files/Pods-MyCloudMusicSwiftTests/Pods-MyCloudMusicSwiftTests.release.xcconfig"; sourceTree = "<group>"; };
		4B3D4397C05C63659C7BD117 /* Pods-MyCloudMusicSwift.debug.xcconfig */ = {isa = PBXFileReference; includeInIndex = 1; lastKnownFileType = text.xcconfig; name = "Pods-MyCloudMusicSwift.debug.xcconfig"; path = "Target Support Files/Pods-MyCloudMusicSwift/Pods-MyCloudMusicSwift.debug.xcconfig"; sourceTree = "<group>"; };
		5F7CCA78231B42EFC5062078 /* Pods_MyCloudMusicSwift_MyCloudMusicSwiftUITests.framework */ = {isa = PBXFileReference; explicitFileType = wrapper.framework; includeInIndex = 0; path = Pods_MyCloudMusicSwift_MyCloudMusicSwiftUITests.framework; sourceTree = BUILT_PRODUCTS_DIR; };
		7A6FABE553788BC82C0995BC /* Pods_MyCloudMusicSwiftTests.framework */ = {isa = PBXFileReference; explicitFileType = wrapper.framework; includeInIndex = 0; path = Pods_MyCloudMusicSwiftTests.framework; sourceTree = BUILT_PRODUCTS_DIR; };
		7CB426D8A3B37D57E2912A40 /* Pods-MyCloudMusicSwiftTests.debug.xcconfig */ = {isa = PBXFileReference; includeInIndex = 1; lastKnownFileType = text.xcconfig; name = "Pods-MyCloudMusicSwiftTests.debug.xcconfig"; path = "Target Support Files/Pods-MyCloudMusicSwiftTests/Pods-MyCloudMusicSwiftTests.debug.xcconfig"; sourceTree = "<group>"; };
		86A5DF4B34FCB06D8E8B8042 /* Pods-MyCloudMusicSwift.release.xcconfig */ = {isa = PBXFileReference; includeInIndex = 1; lastKnownFileType = text.xcconfig; name = "Pods-MyCloudMusicSwift.release.xcconfig"; path = "Target Support Files/Pods-MyCloudMusicSwift/Pods-MyCloudMusicSwift.release.xcconfig"; sourceTree = "<group>"; };
		A1D40123F3F437B84F975FBC /* Pods-MyCloudMusicSwift-MyCloudMusicSwiftUITests.debug.xcconfig */ = {isa = PBXFileReference; includeInIndex = 1; lastKnownFileType = text.xcconfig; name = "Pods-MyCloudMusicSwift-MyCloudMusicSwiftUITests.debug.xcconfig"; path = "Target Support Files/Pods-MyCloudMusicSwift-MyCloudMusicSwiftUITests/Pods-MyCloudMusicSwift-MyCloudMusicSwiftUITests.debug.xcconfig"; sourceTree = "<group>"; };
		A60CFEE8DABCBB5C6D26A611 /* Pods-MyCloudMusicSwift-MyCloudMusicSwiftUITests.release.xcconfig */ = {isa = PBXFileReference; includeInIndex = 1; lastKnownFileType = text.xcconfig; name = "Pods-MyCloudMusicSwift-MyCloudMusicSwiftUITests.release.xcconfig"; path = "Target Support Files/Pods-MyCloudMusicSwift-MyCloudMusicSwiftUITests/Pods-MyCloudMusicSwift-MyCloudMusicSwiftUITests.release.xcconfig"; sourceTree = "<group>"; };
		AF7AC826D8FBAF3AB208C62A /* Pods_MyCloudMusicSwift.framework */ = {isa = PBXFileReference; explicitFileType = wrapper.framework; includeInIndex = 0; path = Pods_MyCloudMusicSwift.framework; sourceTree = BUILT_PRODUCTS_DIR; };
		D5060D4923C4C66F00F875E0 /* GuideController.swift */ = {isa = PBXFileReference; lastKnownFileType = sourcecode.swift; path = GuideController.swift; sourceTree = "<group>"; };
		D5060D4B23C4C68000F875E0 /* SplashController.swift */ = {isa = PBXFileReference; lastKnownFileType = sourcecode.swift; path = SplashController.swift; sourceTree = "<group>"; };
		D50D32B223C8053100710DF6 /* StringExtend.swift */ = {isa = PBXFileReference; lastKnownFileType = sourcecode.swift; path = StringExtend.swift; sourceTree = "<group>"; };
		D50D32B523C8055A00710DF6 /* StringExtendTests.swift */ = {isa = PBXFileReference; lastKnownFileType = sourcecode.swift; path = StringExtendTests.swift; sourceTree = "<group>"; };
		D551B24B23C45B620061E4A8 /* MyCloudMusicSwift.app */ = {isa = PBXFileReference; explicitFileType = wrapper.application; includeInIndex = 0; path = MyCloudMusicSwift.app; sourceTree = BUILT_PRODUCTS_DIR; };
		D551B24E23C45B620061E4A8 /* AppDelegate.swift */ = {isa = PBXFileReference; lastKnownFileType = sourcecode.swift; path = AppDelegate.swift; sourceTree = "<group>"; };
		D551B25023C45B620061E4A8 /* ViewController.swift */ = {isa = PBXFileReference; lastKnownFileType = sourcecode.swift; path = ViewController.swift; sourceTree = "<group>"; };
		D551B25323C45B620061E4A8 /* Base */ = {isa = PBXFileReference; lastKnownFileType = file.storyboard; name = Base; path = Base.lproj/Main.storyboard; sourceTree = "<group>"; };
		D551B25523C45B650061E4A8 /* Assets.xcassets */ = {isa = PBXFileReference; lastKnownFileType = folder.assetcatalog; path = Assets.xcassets; sourceTree = "<group>"; };
		D551B25823C45B650061E4A8 /* Base */ = {isa = PBXFileReference; lastKnownFileType = file.storyboard; name = Base; path = Base.lproj/LaunchScreen.storyboard; sourceTree = "<group>"; };
		D551B25A23C45B650061E4A8 /* Info.plist */ = {isa = PBXFileReference; lastKnownFileType = text.plist.xml; path = Info.plist; sourceTree = "<group>"; };
		D551B25F23C45B650061E4A8 /* MyCloudMusicSwiftTests.xctest */ = {isa = PBXFileReference; explicitFileType = wrapper.cfbundle; includeInIndex = 0; path = MyCloudMusicSwiftTests.xctest; sourceTree = BUILT_PRODUCTS_DIR; };
		D551B26323C45B650061E4A8 /* MyCloudMusicSwiftTests.swift */ = {isa = PBXFileReference; lastKnownFileType = sourcecode.swift; path = MyCloudMusicSwiftTests.swift; sourceTree = "<group>"; };
		D551B26523C45B650061E4A8 /* Info.plist */ = {isa = PBXFileReference; lastKnownFileType = text.plist.xml; path = Info.plist; sourceTree = "<group>"; };
		D551B26A23C45B650061E4A8 /* MyCloudMusicSwiftUITests.xctest */ = {isa = PBXFileReference; explicitFileType = wrapper.cfbundle; includeInIndex = 0; path = MyCloudMusicSwiftUITests.xctest; sourceTree = BUILT_PRODUCTS_DIR; };
		D551B26E23C45B650061E4A8 /* MyCloudMusicSwiftUITests.swift */ = {isa = PBXFileReference; lastKnownFileType = sourcecode.swift; path = MyCloudMusicSwiftUITests.swift; sourceTree = "<group>"; };
		D551B27023C45B650061E4A8 /* Info.plist */ = {isa = PBXFileReference; lastKnownFileType = text.plist.xml; path = Info.plist; sourceTree = "<group>"; };
		D558018923C6AD4C00BD5335 /* LoginOrRegisterController.swift */ = {isa = PBXFileReference; lastKnownFileType = sourcecode.swift; path = LoginOrRegisterController.swift; sourceTree = "<group>"; };
		D558018B23C6AFC900BD5335 /* HomeController.swift */ = {isa = PBXFileReference; lastKnownFileType = sourcecode.swift; path = HomeController.swift; sourceTree = "<group>"; };
		D558018E23C6B89F00BD5335 /* MyCloudMusicSwift-Bridging-Header.h */ = {isa = PBXFileReference; lastKnownFileType = sourcecode.c.h; path = "MyCloudMusicSwift-Bridging-Header.h"; sourceTree = "<group>"; };
		D558019523C6E68300BD5335 /* UIView+YJBannerViewExt.m */ = {isa = PBXFileReference; fileEncoding = 4; lastKnownFileType = sourcecode.c.objc; path = "UIView+YJBannerViewExt.m"; sourceTree = "<group>"; };
		D558019623C6E68300BD5335 /* UIView+YJBannerViewExt.h */ = {isa = PBXFileReference; fileEncoding = 4; lastKnownFileType = sourcecode.c.h; path = "UIView+YJBannerViewExt.h"; sourceTree = "<group>"; };
		D558019723C6E68300BD5335 /* YJBannerView.m */ = {isa = PBXFileReference; fileEncoding = 4; lastKnownFileType = sourcecode.c.objc; path = YJBannerView.m; sourceTree = "<group>"; };
		D558019A23C6E68300BD5335 /* YJAnimatedDotView.h */ = {isa = PBXFileReference; fileEncoding = 4; lastKnownFileType = sourcecode.c.h; path = YJAnimatedDotView.h; sourceTree = "<group>"; };
		D558019B23C6E68300BD5335 /* YJHollowPageControl.m */ = {isa = PBXFileReference; fileEncoding = 4; lastKnownFileType = sourcecode.c.objc; path = YJHollowPageControl.m; sourceTree = "<group>"; };
		D558019C23C6E68300BD5335 /* YJAbstractDotView.m */ = {isa = PBXFileReference; fileEncoding = 4; lastKnownFileType = sourcecode.c.objc; path = YJAbstractDotView.m; sourceTree = "<group>"; };
		D558019D23C6E68300BD5335 /* YJAnimatedDotView.m */ = {isa = PBXFileReference; fileEncoding = 4; lastKnownFileType = sourcecode.c.objc; path = YJAnimatedDotView.m; sourceTree = "<group>"; };
		D558019E23C6E68300BD5335 /* YJHollowPageControl.h */ = {isa = PBXFileReference; fileEncoding = 4; lastKnownFileType = sourcecode.c.h; path = YJHollowPageControl.h; sourceTree = "<group>"; };
		D558019F23C6E68300BD5335 /* YJAbstractDotView.h */ = {isa = PBXFileReference; fileEncoding = 4; lastKnownFileType = sourcecode.c.h; path = YJAbstractDotView.h; sourceTree = "<group>"; };
		D55801A023C6E68300BD5335 /* YJBannerView.h */ = {isa = PBXFileReference; fileEncoding = 4; lastKnownFileType = sourcecode.c.h; path = YJBannerView.h; sourceTree = "<group>"; };
		D55801A223C6E68300BD5335 /* YJBannerView.bundle */ = {isa = PBXFileReference; lastKnownFileType = "wrapper.plug-in"; path = YJBannerView.bundle; sourceTree = "<group>"; };
		D55801A423C6E68300BD5335 /* YJBannerViewCollectionView.m */ = {isa = PBXFileReference; fileEncoding = 4; lastKnownFileType = sourcecode.c.objc; path = YJBannerViewCollectionView.m; sourceTree = "<group>"; };
		D55801A523C6E68300BD5335 /* YJBannerViewCell.m */ = {isa = PBXFileReference; fileEncoding = 4; lastKnownFileType = sourcecode.c.objc; path = YJBannerViewCell.m; sourceTree = "<group>"; };
		D55801A623C6E68300BD5335 /* YJBannerViewFooter.h */ = {isa = PBXFileReference; fileEncoding = 4; lastKnownFileType = sourcecode.c.h; path = YJBannerViewFooter.h; sourceTree = "<group>"; };
		D55801A723C6E68300BD5335 /* YJBannerViewCollectionView.h */ = {isa = PBXFileReference; fileEncoding = 4; lastKnownFileType = sourcecode.c.h; path = YJBannerViewCollectionView.h; sourceTree = "<group>"; };
		D55801A823C6E68300BD5335 /* YJBannerViewFooter.m */ = {isa = PBXFileReference; fileEncoding = 4; lastKnownFileType = sourcecode.c.objc; path = YJBannerViewFooter.m; sourceTree = "<group>"; };
		D55801A923C6E68300BD5335 /* YJBannerViewCell.h */ = {isa = PBXFileReference; fileEncoding = 4; lastKnownFileType = sourcecode.c.h; path = YJBannerViewCell.h; sourceTree = "<group>"; };
		D55801B323C6F38900BD5335 /* BannerGuideController.swift */ = {isa = PBXFileReference; lastKnownFileType = sourcecode.swift; path = BannerGuideController.swift; sourceTree = "<group>"; };
		D55801B523C6FFA500BD5335 /* PreferenceUtil.swift */ = {isa = PBXFileReference; lastKnownFileType = sourcecode.swift; path = PreferenceUtil.swift; sourceTree = "<group>"; };
		D5752CD423C846C70058FE0F /* FileUtil.swift */ = {isa = PBXFileReference; lastKnownFileType = sourcecode.swift; path = FileUtil.swift; sourceTree = "<group>"; };
		D5752CD723C847AE0058FE0F /* FileUtilTests.swift */ = {isa = PBXFileReference; lastKnownFileType = sourcecode.swift; path = FileUtilTests.swift; sourceTree = "<group>"; };
		D5752CDB23C8B7500058FE0F /* Service.swift */ = {isa = PBXFileReference; lastKnownFileType = sourcecode.swift; path = Service.swift; sourceTree = "<group>"; };
		D5752CDE23C954040058FE0F /* SheetWrapper.swift */ = {isa = PBXFileReference; lastKnownFileType = sourcecode.swift; path = SheetWrapper.swift; sourceTree = "<group>"; };
		D5752CE023C9543B0058FE0F /* Sheet.swift */ = {isa = PBXFileReference; lastKnownFileType = sourcecode.swift; path = Sheet.swift; sourceTree = "<group>"; };
		D5752CE223C964790058FE0F /* ObservableExtend.swift */ = {isa = PBXFileReference; lastKnownFileType = sourcecode.swift; path = ObservableExtend.swift; sourceTree = "<group>"; };
		D5752CE423C9689C0058FE0F /* BaseResponse.swift */ = {isa = PBXFileReference; lastKnownFileType = sourcecode.swift; path = BaseResponse.swift; sourceTree = "<group>"; };
		D5752CE623C969230058FE0F /* DetailResponse.swift */ = {isa = PBXFileReference; lastKnownFileType = sourcecode.swift; path = DetailResponse.swift; sourceTree = "<group>"; };
		D5752CE823C96DA60058FE0F /* ListResponse.swift */ = {isa = PBXFileReference; lastKnownFileType = sourcecode.swift; path = ListResponse.swift; sourceTree = "<group>"; };
		D5752CEA23C97D430058FE0F /* Api.swift */ = {isa = PBXFileReference; lastKnownFileType = sourcecode.swift; path = Api.swift; sourceTree = "<group>"; };
		D5752CEC23C993E70058FE0F /* HttpUtil.swift */ = {isa = PBXFileReference; lastKnownFileType = sourcecode.swift; path = HttpUtil.swift; sourceTree = "<group>"; };
		D5752CEE23C9B2AD0058FE0F /* BaseModel.swift */ = {isa = PBXFileReference; lastKnownFileType = sourcecode.swift; path = BaseModel.swift; sourceTree = "<group>"; };
		D5752CF023C9BA780058FE0F /* Session.swift */ = {isa = PBXFileReference; lastKnownFileType = sourcecode.swift; path = Session.swift; sourceTree = "<group>"; };
		D5752CF223C9CE680058FE0F /* LoginController.swift */ = {isa = PBXFileReference; lastKnownFileType = sourcecode.swift; path = LoginController.swift; sourceTree = "<group>"; };
		D5752CF423C9E5130058FE0F /* BaseLoginController.swift */ = {isa = PBXFileReference; lastKnownFileType = sourcecode.swift; path = BaseLoginController.swift; sourceTree = "<group>"; };
		D5752CF623C9E6990058FE0F /* BaseCommonController.swift */ = {isa = PBXFileReference; lastKnownFileType = sourcecode.swift; path = BaseCommonController.swift; sourceTree = "<group>"; };
		D57905F223C76291003A4B95 /* RegisterController.swift */ = {isa = PBXFileReference; lastKnownFileType = sourcecode.swift; path = RegisterController.swift; sourceTree = "<group>"; };
		D57905F423C776CC003A4B95 /* TextFieldExtend.swift */ = {isa = PBXFileReference; lastKnownFileType = sourcecode.swift; path = TextFieldExtend.swift; sourceTree = "<group>"; };
		D57905F623C778D2003A4B95 /* BaseController.swift */ = {isa = PBXFileReference; lastKnownFileType = sourcecode.swift; path = BaseController.swift; sourceTree = "<group>"; };
		D57905F823C77AEB003A4B95 /* ToastUtil.swift */ = {isa = PBXFileReference; lastKnownFileType = sourcecode.swift; path = ToastUtil.swift; sourceTree = "<group>"; };
		D594D34623C61D890082F9F3 /* Constant.swift */ = {isa = PBXFileReference; lastKnownFileType = sourcecode.swift; path = Constant.swift; sourceTree = "<group>"; };
		D594D34823C623CE0082F9F3 /* ViewUtil.swift */ = {isa = PBXFileReference; lastKnownFileType = sourcecode.swift; path = ViewUtil.swift; sourceTree = "<group>"; };
		D594D34B23C625700082F9F3 /* ViewExtend.swift */ = {isa = PBXFileReference; lastKnownFileType = sourcecode.swift; path = ViewExtend.swift; sourceTree = "<group>"; };
		D594D34D23C627F70082F9F3 /* ColorExtend.swift */ = {isa = PBXFileReference; lastKnownFileType = sourcecode.swift; path = ColorExtend.swift; sourceTree = "<group>"; };
/* End PBXFileReference section */

/* Begin PBXFrameworksBuildPhase section */
		D551B24823C45B620061E4A8 /* Frameworks */ = {
			isa = PBXFrameworksBuildPhase;
			buildActionMask = 2147483647;
			files = (
				340535C9C735AB2D7A927F1F /* Pods_MyCloudMusicSwift.framework in Frameworks */,
			);
			runOnlyForDeploymentPostprocessing = 0;
		};
		D551B25C23C45B650061E4A8 /* Frameworks */ = {
			isa = PBXFrameworksBuildPhase;
			buildActionMask = 2147483647;
			files = (
				039A62206A599261E92DE806 /* Pods_MyCloudMusicSwiftTests.framework in Frameworks */,
			);
			runOnlyForDeploymentPostprocessing = 0;
		};
		D551B26723C45B650061E4A8 /* Frameworks */ = {
			isa = PBXFrameworksBuildPhase;
			buildActionMask = 2147483647;
			files = (
				7035FBEE4B3ACA3D2BED8B43 /* Pods_MyCloudMusicSwift_MyCloudMusicSwiftUITests.framework in Frameworks */,
			);
			runOnlyForDeploymentPostprocessing = 0;
		};
/* End PBXFrameworksBuildPhase section */

/* Begin PBXGroup section */
		19BFB4477D545DCEBD0A71B0 /* Frameworks */ = {
			isa = PBXGroup;
			children = (
				AF7AC826D8FBAF3AB208C62A /* Pods_MyCloudMusicSwift.framework */,
				5F7CCA78231B42EFC5062078 /* Pods_MyCloudMusicSwift_MyCloudMusicSwiftUITests.framework */,
				7A6FABE553788BC82C0995BC /* Pods_MyCloudMusicSwiftTests.framework */,
			);
			name = Frameworks;
			sourceTree = "<group>";
		};
		47658CFFC2128F9074A602F9 /* Pods */ = {
			isa = PBXGroup;
			children = (
				4B3D4397C05C63659C7BD117 /* Pods-MyCloudMusicSwift.debug.xcconfig */,
				86A5DF4B34FCB06D8E8B8042 /* Pods-MyCloudMusicSwift.release.xcconfig */,
				A1D40123F3F437B84F975FBC /* Pods-MyCloudMusicSwift-MyCloudMusicSwiftUITests.debug.xcconfig */,
				A60CFEE8DABCBB5C6D26A611 /* Pods-MyCloudMusicSwift-MyCloudMusicSwiftUITests.release.xcconfig */,
				7CB426D8A3B37D57E2912A40 /* Pods-MyCloudMusicSwiftTests.debug.xcconfig */,
				2B38DA2844B4C3310461F900 /* Pods-MyCloudMusicSwiftTests.release.xcconfig */,
			);
			path = Pods;
			sourceTree = "<group>";
		};
		D5060D4823C4C64D00F875E0 /* Controller */ = {
			isa = PBXGroup;
			children = (
				D5060D4923C4C66F00F875E0 /* GuideController.swift */,
				D5060D4B23C4C68000F875E0 /* SplashController.swift */,
				D558018923C6AD4C00BD5335 /* LoginOrRegisterController.swift */,
				D558018B23C6AFC900BD5335 /* HomeController.swift */,
				D55801B323C6F38900BD5335 /* BannerGuideController.swift */,
				D57905F223C76291003A4B95 /* RegisterController.swift */,
				D57905F623C778D2003A4B95 /* BaseController.swift */,
				D5752CF223C9CE680058FE0F /* LoginController.swift */,
				D5752CF423C9E5130058FE0F /* BaseLoginController.swift */,
				D5752CF623C9E6990058FE0F /* BaseCommonController.swift */,
			);
			path = Controller;
			sourceTree = "<group>";
		};
		D50D32B423C8054900710DF6 /* Extend */ = {
			isa = PBXGroup;
			children = (
				D50D32B523C8055A00710DF6 /* StringExtendTests.swift */,
			);
			path = Extend;
			sourceTree = "<group>";
		};
		D551B24223C45B620061E4A8 = {
			isa = PBXGroup;
			children = (
				D551B24D23C45B620061E4A8 /* MyCloudMusicSwift */,
				D551B26223C45B650061E4A8 /* MyCloudMusicSwiftTests */,
				D551B26D23C45B650061E4A8 /* MyCloudMusicSwiftUITests */,
				D551B24C23C45B620061E4A8 /* Products */,
				47658CFFC2128F9074A602F9 /* Pods */,
				19BFB4477D545DCEBD0A71B0 /* Frameworks */,
			);
			sourceTree = "<group>";
		};
		D551B24C23C45B620061E4A8 /* Products */ = {
			isa = PBXGroup;
			children = (
				D551B24B23C45B620061E4A8 /* MyCloudMusicSwift.app */,
				D551B25F23C45B650061E4A8 /* MyCloudMusicSwiftTests.xctest */,
				D551B26A23C45B650061E4A8 /* MyCloudMusicSwiftUITests.xctest */,
			);
			name = Products;
			sourceTree = "<group>";
		};
		D551B24D23C45B620061E4A8 /* MyCloudMusicSwift */ = {
			isa = PBXGroup;
			children = (
				D5752CDD23C953B70058FE0F /* Model */,
				D5752CDA23C8B7390058FE0F /* Api */,
				D558019223C6E5DD00BD5335 /* Vender */,
				D594D34A23C6255B0082F9F3 /* Extend */,
				D594D34523C61D580082F9F3 /* Util */,
				D5060D4823C4C64D00F875E0 /* Controller */,
				D551B24E23C45B620061E4A8 /* AppDelegate.swift */,
				D551B25023C45B620061E4A8 /* ViewController.swift */,
				D551B25223C45B620061E4A8 /* Main.storyboard */,
				D551B25523C45B650061E4A8 /* Assets.xcassets */,
				D551B25723C45B650061E4A8 /* LaunchScreen.storyboard */,
				D551B25A23C45B650061E4A8 /* Info.plist */,
				D558018E23C6B89F00BD5335 /* MyCloudMusicSwift-Bridging-Header.h */,
			);
			path = MyCloudMusicSwift;
			sourceTree = "<group>";
		};
		D551B26223C45B650061E4A8 /* MyCloudMusicSwiftTests */ = {
			isa = PBXGroup;
			children = (
				D5752CD623C8476F0058FE0F /* Util */,
				D50D32B423C8054900710DF6 /* Extend */,
				D551B26323C45B650061E4A8 /* MyCloudMusicSwiftTests.swift */,
				D551B26523C45B650061E4A8 /* Info.plist */,
			);
			path = MyCloudMusicSwiftTests;
			sourceTree = "<group>";
		};
		D551B26D23C45B650061E4A8 /* MyCloudMusicSwiftUITests */ = {
			isa = PBXGroup;
			children = (
				D551B26E23C45B650061E4A8 /* MyCloudMusicSwiftUITests.swift */,
				D551B27023C45B650061E4A8 /* Info.plist */,
			);
			path = MyCloudMusicSwiftUITests;
			sourceTree = "<group>";
		};
		D558019223C6E5DD00BD5335 /* Vender */ = {
			isa = PBXGroup;
			children = (
				D558019323C6E68300BD5335 /* YJBannerView */,
			);
			path = Vender;
			sourceTree = "<group>";
		};
		D558019323C6E68300BD5335 /* YJBannerView */ = {
			isa = PBXGroup;
			children = (
				D558019423C6E68300BD5335 /* Tools */,
				D558019723C6E68300BD5335 /* YJBannerView.m */,
				D558019823C6E68300BD5335 /* PageControls */,
				D55801A023C6E68300BD5335 /* YJBannerView.h */,
				D55801A123C6E68300BD5335 /* Resource */,
				D55801A323C6E68300BD5335 /* Views */,
			);
			path = YJBannerView;
			sourceTree = "<group>";
		};
		D558019423C6E68300BD5335 /* Tools */ = {
			isa = PBXGroup;
			children = (
				D558019523C6E68300BD5335 /* UIView+YJBannerViewExt.m */,
				D558019623C6E68300BD5335 /* UIView+YJBannerViewExt.h */,
			);
			path = Tools;
			sourceTree = "<group>";
		};
		D558019823C6E68300BD5335 /* PageControls */ = {
			isa = PBXGroup;
			children = (
				D558019923C6E68300BD5335 /* YJHollowPageControl */,
			);
			path = PageControls;
			sourceTree = "<group>";
		};
		D558019923C6E68300BD5335 /* YJHollowPageControl */ = {
			isa = PBXGroup;
			children = (
				D558019A23C6E68300BD5335 /* YJAnimatedDotView.h */,
				D558019B23C6E68300BD5335 /* YJHollowPageControl.m */,
				D558019C23C6E68300BD5335 /* YJAbstractDotView.m */,
				D558019D23C6E68300BD5335 /* YJAnimatedDotView.m */,
				D558019E23C6E68300BD5335 /* YJHollowPageControl.h */,
				D558019F23C6E68300BD5335 /* YJAbstractDotView.h */,
			);
			path = YJHollowPageControl;
			sourceTree = "<group>";
		};
		D55801A123C6E68300BD5335 /* Resource */ = {
			isa = PBXGroup;
			children = (
				D55801A223C6E68300BD5335 /* YJBannerView.bundle */,
			);
			path = Resource;
			sourceTree = "<group>";
		};
		D55801A323C6E68300BD5335 /* Views */ = {
			isa = PBXGroup;
			children = (
				D55801A423C6E68300BD5335 /* YJBannerViewCollectionView.m */,
				D55801A523C6E68300BD5335 /* YJBannerViewCell.m */,
				D55801A623C6E68300BD5335 /* YJBannerViewFooter.h */,
				D55801A723C6E68300BD5335 /* YJBannerViewCollectionView.h */,
				D55801A823C6E68300BD5335 /* YJBannerViewFooter.m */,
				D55801A923C6E68300BD5335 /* YJBannerViewCell.h */,
			);
			path = Views;
			sourceTree = "<group>";
		};
		D5752CD623C8476F0058FE0F /* Util */ = {
			isa = PBXGroup;
			children = (
				D5752CD723C847AE0058FE0F /* FileUtilTests.swift */,
			);
			path = Util;
			sourceTree = "<group>";
		};
		D5752CDA23C8B7390058FE0F /* Api */ = {
			isa = PBXGroup;
			children = (
				D5752CDB23C8B7500058FE0F /* Service.swift */,
				D5752CEA23C97D430058FE0F /* Api.swift */,
			);
			path = Api;
			sourceTree = "<group>";
		};
		D5752CDD23C953B70058FE0F /* Model */ = {
			isa = PBXGroup;
			children = (
				D5752CDE23C954040058FE0F /* SheetWrapper.swift */,
				D5752CE023C9543B0058FE0F /* Sheet.swift */,
				D5752CE423C9689C0058FE0F /* BaseResponse.swift */,
				D5752CE623C969230058FE0F /* DetailResponse.swift */,
				D5752CE823C96DA60058FE0F /* ListResponse.swift */,
				D5752CEE23C9B2AD0058FE0F /* BaseModel.swift */,
				D5752CF023C9BA780058FE0F /* Session.swift */,
			);
			path = Model;
			sourceTree = "<group>";
		};
		D594D34523C61D580082F9F3 /* Util */ = {
			isa = PBXGroup;
			children = (
				D594D34623C61D890082F9F3 /* Constant.swift */,
				D594D34823C623CE0082F9F3 /* ViewUtil.swift */,
				D55801B523C6FFA500BD5335 /* PreferenceUtil.swift */,
				D57905F823C77AEB003A4B95 /* ToastUtil.swift */,
				D5752CD423C846C70058FE0F /* FileUtil.swift */,
				D5752CEC23C993E70058FE0F /* HttpUtil.swift */,
			);
			path = Util;
			sourceTree = "<group>";
		};
		D594D34A23C6255B0082F9F3 /* Extend */ = {
			isa = PBXGroup;
			children = (
				D594D34B23C625700082F9F3 /* ViewExtend.swift */,
				D594D34D23C627F70082F9F3 /* ColorExtend.swift */,
				D57905F423C776CC003A4B95 /* TextFieldExtend.swift */,
				D50D32B223C8053100710DF6 /* StringExtend.swift */,
				D5752CE223C964790058FE0F /* ObservableExtend.swift */,
			);
			path = Extend;
			sourceTree = "<group>";
		};
/* End PBXGroup section */

/* Begin PBXNativeTarget section */
		D551B24A23C45B620061E4A8 /* MyCloudMusicSwift */ = {
			isa = PBXNativeTarget;
			buildConfigurationList = D551B27323C45B650061E4A8 /* Build configuration list for PBXNativeTarget "MyCloudMusicSwift" */;
			buildPhases = (
				1D8612357998E931C61DE48E /* [CP] Check Pods Manifest.lock */,
				D551B24723C45B620061E4A8 /* Sources */,
				D551B24823C45B620061E4A8 /* Frameworks */,
				D551B24923C45B620061E4A8 /* Resources */,
				E91CEEF2D2228CEA84978C37 /* [CP] Embed Pods Frameworks */,
				34A08D653A462FB55743D2BD /* [CP] Copy Pods Resources */,
			);
			buildRules = (
			);
			dependencies = (
			);
			name = MyCloudMusicSwift;
			productName = MyCloudMusicSwift;
			productReference = D551B24B23C45B620061E4A8 /* MyCloudMusicSwift.app */;
			productType = "com.apple.product-type.application";
		};
		D551B25E23C45B650061E4A8 /* MyCloudMusicSwiftTests */ = {
			isa = PBXNativeTarget;
			buildConfigurationList = D551B27623C45B650061E4A8 /* Build configuration list for PBXNativeTarget "MyCloudMusicSwiftTests" */;
			buildPhases = (
				A06DD1BE54EA352C43C2EF5D /* [CP] Check Pods Manifest.lock */,
				D551B25B23C45B650061E4A8 /* Sources */,
				D551B25C23C45B650061E4A8 /* Frameworks */,
				D551B25D23C45B650061E4A8 /* Resources */,
			);
			buildRules = (
			);
			dependencies = (
				D551B26123C45B650061E4A8 /* PBXTargetDependency */,
			);
			name = MyCloudMusicSwiftTests;
			productName = MyCloudMusicSwiftTests;
			productReference = D551B25F23C45B650061E4A8 /* MyCloudMusicSwiftTests.xctest */;
			productType = "com.apple.product-type.bundle.unit-test";
		};
		D551B26923C45B650061E4A8 /* MyCloudMusicSwiftUITests */ = {
			isa = PBXNativeTarget;
			buildConfigurationList = D551B27923C45B650061E4A8 /* Build configuration list for PBXNativeTarget "MyCloudMusicSwiftUITests" */;
			buildPhases = (
				52B9E648F4E223A6352EFC91 /* [CP] Check Pods Manifest.lock */,
				D551B26623C45B650061E4A8 /* Sources */,
				D551B26723C45B650061E4A8 /* Frameworks */,
				D551B26823C45B650061E4A8 /* Resources */,
				67607DFEA2DF70E37B27BA1D /* [CP] Embed Pods Frameworks */,
				8482F7989BF8A2E1EF5D1C51 /* [CP] Copy Pods Resources */,
			);
			buildRules = (
			);
			dependencies = (
				D551B26C23C45B650061E4A8 /* PBXTargetDependency */,
			);
			name = MyCloudMusicSwiftUITests;
			productName = MyCloudMusicSwiftUITests;
			productReference = D551B26A23C45B650061E4A8 /* MyCloudMusicSwiftUITests.xctest */;
			productType = "com.apple.product-type.bundle.ui-testing";
		};
/* End PBXNativeTarget section */

/* Begin PBXProject section */
		D551B24323C45B620061E4A8 /* Project object */ = {
			isa = PBXProject;
			attributes = {
				LastSwiftUpdateCheck = 1030;
				LastUpgradeCheck = 1030;
				ORGANIZATIONNAME = wangyixu;
				TargetAttributes = {
					D551B24A23C45B620061E4A8 = {
						CreatedOnToolsVersion = 10.3;
						LastSwiftMigration = 1030;
					};
					D551B25E23C45B650061E4A8 = {
						CreatedOnToolsVersion = 10.3;
						TestTargetID = D551B24A23C45B620061E4A8;
					};
					D551B26923C45B650061E4A8 = {
						CreatedOnToolsVersion = 10.3;
						TestTargetID = D551B24A23C45B620061E4A8;
					};
				};
			};
			buildConfigurationList = D551B24623C45B620061E4A8 /* Build configuration list for PBXProject "MyCloudMusicSwift" */;
			compatibilityVersion = "Xcode 9.3";
			developmentRegion = en;
			hasScannedForEncodings = 0;
			knownRegions = (
				en,
				Base,
			);
			mainGroup = D551B24223C45B620061E4A8;
			productRefGroup = D551B24C23C45B620061E4A8 /* Products */;
			projectDirPath = "";
			projectRoot = "";
			targets = (
				D551B24A23C45B620061E4A8 /* MyCloudMusicSwift */,
				D551B25E23C45B650061E4A8 /* MyCloudMusicSwiftTests */,
				D551B26923C45B650061E4A8 /* MyCloudMusicSwiftUITests */,
			);
		};
/* End PBXProject section */

/* Begin PBXResourcesBuildPhase section */
		D551B24923C45B620061E4A8 /* Resources */ = {
			isa = PBXResourcesBuildPhase;
			buildActionMask = 2147483647;
			files = (
				D551B25923C45B650061E4A8 /* LaunchScreen.storyboard in Resources */,
				D551B25623C45B650061E4A8 /* Assets.xcassets in Resources */,
				D551B25423C45B620061E4A8 /* Main.storyboard in Resources */,
				D55801AF23C6E68300BD5335 /* YJBannerView.bundle in Resources */,
			);
			runOnlyForDeploymentPostprocessing = 0;
		};
		D551B25D23C45B650061E4A8 /* Resources */ = {
			isa = PBXResourcesBuildPhase;
			buildActionMask = 2147483647;
			files = (
			);
			runOnlyForDeploymentPostprocessing = 0;
		};
		D551B26823C45B650061E4A8 /* Resources */ = {
			isa = PBXResourcesBuildPhase;
			buildActionMask = 2147483647;
			files = (
			);
			runOnlyForDeploymentPostprocessing = 0;
		};
/* End PBXResourcesBuildPhase section */

/* Begin PBXShellScriptBuildPhase section */
		1D8612357998E931C61DE48E /* [CP] Check Pods Manifest.lock */ = {
			isa = PBXShellScriptBuildPhase;
			buildActionMask = 2147483647;
			files = (
			);
			inputFileListPaths = (
			);
			inputPaths = (
				"${PODS_PODFILE_DIR_PATH}/Podfile.lock",
				"${PODS_ROOT}/Manifest.lock",
			);
			name = "[CP] Check Pods Manifest.lock";
			outputFileListPaths = (
			);
			outputPaths = (
				"$(DERIVED_FILE_DIR)/Pods-MyCloudMusicSwift-checkManifestLockResult.txt",
			);
			runOnlyForDeploymentPostprocessing = 0;
			shellPath = /bin/sh;
			shellScript = "diff \"${PODS_PODFILE_DIR_PATH}/Podfile.lock\" \"${PODS_ROOT}/Manifest.lock\" > /dev/null\nif [ $? != 0 ] ; then\n    # print error to STDERR\n    echo \"error: The sandbox is not in sync with the Podfile.lock. Run 'pod install' or update your CocoaPods installation.\" >&2\n    exit 1\nfi\n# This output is used by Xcode 'outputs' to avoid re-running this script phase.\necho \"SUCCESS\" > \"${SCRIPT_OUTPUT_FILE_0}\"\n";
			showEnvVarsInLog = 0;
		};
		34A08D653A462FB55743D2BD /* [CP] Copy Pods Resources */ = {
			isa = PBXShellScriptBuildPhase;
			buildActionMask = 2147483647;
			files = (
			);
			inputFileListPaths = (
				"${PODS_ROOT}/Target Support Files/Pods-MyCloudMusicSwift/Pods-MyCloudMusicSwift-resources-${CONFIGURATION}-input-files.xcfilelist",
			);
			name = "[CP] Copy Pods Resources";
			outputFileListPaths = (
				"${PODS_ROOT}/Target Support Files/Pods-MyCloudMusicSwift/Pods-MyCloudMusicSwift-resources-${CONFIGURATION}-output-files.xcfilelist",
			);
			runOnlyForDeploymentPostprocessing = 0;
			shellPath = /bin/sh;
			shellScript = "\"${PODS_ROOT}/Target Support Files/Pods-MyCloudMusicSwift/Pods-MyCloudMusicSwift-resources.sh\"\n";
			showEnvVarsInLog = 0;
		};
		52B9E648F4E223A6352EFC91 /* [CP] Check Pods Manifest.lock */ = {
			isa = PBXShellScriptBuildPhase;
			buildActionMask = 2147483647;
			files = (
			);
			inputFileListPaths = (
			);
			inputPaths = (
				"${PODS_PODFILE_DIR_PATH}/Podfile.lock",
				"${PODS_ROOT}/Manifest.lock",
			);
			name = "[CP] Check Pods Manifest.lock";
			outputFileListPaths = (
			);
			outputPaths = (
				"$(DERIVED_FILE_DIR)/Pods-MyCloudMusicSwift-MyCloudMusicSwiftUITests-checkManifestLockResult.txt",
			);
			runOnlyForDeploymentPostprocessing = 0;
			shellPath = /bin/sh;
			shellScript = "diff \"${PODS_PODFILE_DIR_PATH}/Podfile.lock\" \"${PODS_ROOT}/Manifest.lock\" > /dev/null\nif [ $? != 0 ] ; then\n    # print error to STDERR\n    echo \"error: The sandbox is not in sync with the Podfile.lock. Run 'pod install' or update your CocoaPods installation.\" >&2\n    exit 1\nfi\n# This output is used by Xcode 'outputs' to avoid re-running this script phase.\necho \"SUCCESS\" > \"${SCRIPT_OUTPUT_FILE_0}\"\n";
			showEnvVarsInLog = 0;
		};
		67607DFEA2DF70E37B27BA1D /* [CP] Embed Pods Frameworks */ = {
			isa = PBXShellScriptBuildPhase;
			buildActionMask = 2147483647;
			files = (
			);
			inputFileListPaths = (
				"${PODS_ROOT}/Target Support Files/Pods-MyCloudMusicSwift-MyCloudMusicSwiftUITests/Pods-MyCloudMusicSwift-MyCloudMusicSwiftUITests-frameworks-${CONFIGURATION}-input-files.xcfilelist",
			);
			name = "[CP] Embed Pods Frameworks";
			outputFileListPaths = (
				"${PODS_ROOT}/Target Support Files/Pods-MyCloudMusicSwift-MyCloudMusicSwiftUITests/Pods-MyCloudMusicSwift-MyCloudMusicSwiftUITests-frameworks-${CONFIGURATION}-output-files.xcfilelist",
			);
			runOnlyForDeploymentPostprocessing = 0;
			shellPath = /bin/sh;
			shellScript = "\"${PODS_ROOT}/Target Support Files/Pods-MyCloudMusicSwift-MyCloudMusicSwiftUITests/Pods-MyCloudMusicSwift-MyCloudMusicSwiftUITests-frameworks.sh\"\n";
			showEnvVarsInLog = 0;
		};
		8482F7989BF8A2E1EF5D1C51 /* [CP] Copy Pods Resources */ = {
			isa = PBXShellScriptBuildPhase;
			buildActionMask = 2147483647;
			files = (
			);
			inputFileListPaths = (
				"${PODS_ROOT}/Target Support Files/Pods-MyCloudMusicSwift-MyCloudMusicSwiftUITests/Pods-MyCloudMusicSwift-MyCloudMusicSwiftUITests-resources-${CONFIGURATION}-input-files.xcfilelist",
			);
			name = "[CP] Copy Pods Resources";
			outputFileListPaths = (
				"${PODS_ROOT}/Target Support Files/Pods-MyCloudMusicSwift-MyCloudMusicSwiftUITests/Pods-MyCloudMusicSwift-MyCloudMusicSwiftUITests-resources-${CONFIGURATION}-output-files.xcfilelist",
			);
			runOnlyForDeploymentPostprocessing = 0;
			shellPath = /bin/sh;
			shellScript = "\"${PODS_ROOT}/Target Support Files/Pods-MyCloudMusicSwift-MyCloudMusicSwiftUITests/Pods-MyCloudMusicSwift-MyCloudMusicSwiftUITests-resources.sh\"\n";
			showEnvVarsInLog = 0;
		};
		A06DD1BE54EA352C43C2EF5D /* [CP] Check Pods Manifest.lock */ = {
			isa = PBXShellScriptBuildPhase;
			buildActionMask = 2147483647;
			files = (
			);
			inputFileListPaths = (
			);
			inputPaths = (
				"${PODS_PODFILE_DIR_PATH}/Podfile.lock",
				"${PODS_ROOT}/Manifest.lock",
			);
			name = "[CP] Check Pods Manifest.lock";
			outputFileListPaths = (
			);
			outputPaths = (
				"$(DERIVED_FILE_DIR)/Pods-MyCloudMusicSwiftTests-checkManifestLockResult.txt",
			);
			runOnlyForDeploymentPostprocessing = 0;
			shellPath = /bin/sh;
			shellScript = "diff \"${PODS_PODFILE_DIR_PATH}/Podfile.lock\" \"${PODS_ROOT}/Manifest.lock\" > /dev/null\nif [ $? != 0 ] ; then\n    # print error to STDERR\n    echo \"error: The sandbox is not in sync with the Podfile.lock. Run 'pod install' or update your CocoaPods installation.\" >&2\n    exit 1\nfi\n# This output is used by Xcode 'outputs' to avoid re-running this script phase.\necho \"SUCCESS\" > \"${SCRIPT_OUTPUT_FILE_0}\"\n";
			showEnvVarsInLog = 0;
		};
		E91CEEF2D2228CEA84978C37 /* [CP] Embed Pods Frameworks */ = {
			isa = PBXShellScriptBuildPhase;
			buildActionMask = 2147483647;
			files = (
			);
			inputFileListPaths = (
				"${PODS_ROOT}/Target Support Files/Pods-MyCloudMusicSwift/Pods-MyCloudMusicSwift-frameworks-${CONFIGURATION}-input-files.xcfilelist",
			);
			name = "[CP] Embed Pods Frameworks";
			outputFileListPaths = (
				"${PODS_ROOT}/Target Support Files/Pods-MyCloudMusicSwift/Pods-MyCloudMusicSwift-frameworks-${CONFIGURATION}-output-files.xcfilelist",
			);
			runOnlyForDeploymentPostprocessing = 0;
			shellPath = /bin/sh;
			shellScript = "\"${PODS_ROOT}/Target Support Files/Pods-MyCloudMusicSwift/Pods-MyCloudMusicSwift-frameworks.sh\"\n";
			showEnvVarsInLog = 0;
		};
/* End PBXShellScriptBuildPhase section */

/* Begin PBXSourcesBuildPhase section */
		D551B24723C45B620061E4A8 /* Sources */ = {
			isa = PBXSourcesBuildPhase;
			buildActionMask = 2147483647;
			files = (
				D594D34C23C625700082F9F3 /* ViewExtend.swift in Sources */,
				D50D32B323C8053100710DF6 /* StringExtend.swift in Sources */,
				D55801AB23C6E68300BD5335 /* YJBannerView.m in Sources */,
				D55801B123C6E68300BD5335 /* YJBannerViewCell.m in Sources */,
				D57905F923C77AEB003A4B95 /* ToastUtil.swift in Sources */,
				D5752CF523C9E5130058FE0F /* BaseLoginController.swift in Sources */,
				D5752CDC23C8B7500058FE0F /* Service.swift in Sources */,
				D55801B023C6E68300BD5335 /* YJBannerViewCollectionView.m in Sources */,
				D5060D4C23C4C68000F875E0 /* SplashController.swift in Sources */,
				D55801AD23C6E68300BD5335 /* YJAbstractDotView.m in Sources */,
				D55801AA23C6E68300BD5335 /* UIView+YJBannerViewExt.m in Sources */,
				D551B25123C45B620061E4A8 /* ViewController.swift in Sources */,
				D55801B623C6FFA500BD5335 /* PreferenceUtil.swift in Sources */,
				D594D34E23C627F70082F9F3 /* ColorExtend.swift in Sources */,
				D57905F723C778D2003A4B95 /* BaseController.swift in Sources */,
				D55801B423C6F38900BD5335 /* BannerGuideController.swift in Sources */,
				D558018C23C6AFC900BD5335 /* HomeController.swift in Sources */,
				D5752CE123C9543B0058FE0F /* Sheet.swift in Sources */,
				D5752CE723C969230058FE0F /* DetailResponse.swift in Sources */,
				D5752CEF23C9B2AD0058FE0F /* BaseModel.swift in Sources */,
				D5752CF323C9CE680058FE0F /* LoginController.swift in Sources */,
				D5752CF723C9E6990058FE0F /* BaseCommonController.swift in Sources */,
				D55801B223C6E68300BD5335 /* YJBannerViewFooter.m in Sources */,
				D5752CE523C9689C0058FE0F /* BaseResponse.swift in Sources */,
				D55801AE23C6E68300BD5335 /* YJAnimatedDotView.m in Sources */,
				D594D34923C623CE0082F9F3 /* ViewUtil.swift in Sources */,
				D5752CEB23C97D430058FE0F /* Api.swift in Sources */,
				D5752CDF23C954040058FE0F /* SheetWrapper.swift in Sources */,
				D594D34723C61D890082F9F3 /* Constant.swift in Sources */,
				D55801AC23C6E68300BD5335 /* YJHollowPageControl.m in Sources */,
				D57905F323C76291003A4B95 /* RegisterController.swift in Sources */,
				D5752CF123C9BA780058FE0F /* Session.swift in Sources */,
				D5060D4A23C4C66F00F875E0 /* GuideController.swift in Sources */,
				D5752CE923C96DA60058FE0F /* ListResponse.swift in Sources */,
				D57905F523C776CD003A4B95 /* TextFieldExtend.swift in Sources */,
				D5752CD523C846C70058FE0F /* FileUtil.swift in Sources */,
				D5752CED23C993E70058FE0F /* HttpUtil.swift in Sources */,
				D558018A23C6AD4C00BD5335 /* LoginOrRegisterController.swift in Sources */,
				D5752CE323C9647A0058FE0F /* ObservableExtend.swift in Sources */,
				D551B24F23C45B620061E4A8 /* AppDelegate.swift in Sources */,
			);
			runOnlyForDeploymentPostprocessing = 0;
		};
		D551B25B23C45B650061E4A8 /* Sources */ = {
			isa = PBXSourcesBuildPhase;
			buildActionMask = 2147483647;
			files = (
				D5752CD923C8487C0058FE0F /* FileUtil.swift in Sources */,
				D5752CD823C847AE0058FE0F /* FileUtilTests.swift in Sources */,
				D50D32B623C8055A00710DF6 /* StringExtendTests.swift in Sources */,
				D551B26423C45B650061E4A8 /* MyCloudMusicSwiftTests.swift in Sources */,
			);
			runOnlyForDeploymentPostprocessing = 0;
		};
		D551B26623C45B650061E4A8 /* Sources */ = {
			isa = PBXSourcesBuildPhase;
			buildActionMask = 2147483647;
			files = (
				D50D32B723C8064D00710DF6 /* MyCloudMusicSwiftUITests.swift in Sources */,
			);
			runOnlyForDeploymentPostprocessing = 0;
		};
/* End PBXSourcesBuildPhase section */

/* Begin PBXTargetDependency section */
		D551B26123C45B650061E4A8 /* PBXTargetDependency */ = {
			isa = PBXTargetDependency;
			target = D551B24A23C45B620061E4A8 /* MyCloudMusicSwift */;
			targetProxy = D551B26023C45B650061E4A8 /* PBXContainerItemProxy */;
		};
		D551B26C23C45B650061E4A8 /* PBXTargetDependency */ = {
			isa = PBXTargetDependency;
			target = D551B24A23C45B620061E4A8 /* MyCloudMusicSwift */;
			targetProxy = D551B26B23C45B650061E4A8 /* PBXContainerItemProxy */;
		};
/* End PBXTargetDependency section */

/* Begin PBXVariantGroup section */
		D551B25223C45B620061E4A8 /* Main.storyboard */ = {
			isa = PBXVariantGroup;
			children = (
				D551B25323C45B620061E4A8 /* Base */,
			);
			name = Main.storyboard;
			sourceTree = "<group>";
		};
		D551B25723C45B650061E4A8 /* LaunchScreen.storyboard */ = {
			isa = PBXVariantGroup;
			children = (
				D551B25823C45B650061E4A8 /* Base */,
			);
			name = LaunchScreen.storyboard;
			sourceTree = "<group>";
		};
/* End PBXVariantGroup section */

/* Begin XCBuildConfiguration section */
		D551B27123C45B650061E4A8 /* Debug */ = {
			isa = XCBuildConfiguration;
			buildSettings = {
				ALWAYS_SEARCH_USER_PATHS = NO;
				CLANG_ANALYZER_NONNULL = YES;
				CLANG_ANALYZER_NUMBER_OBJECT_CONVERSION = YES_AGGRESSIVE;
				CLANG_CXX_LANGUAGE_STANDARD = "gnu++14";
				CLANG_CXX_LIBRARY = "libc++";
				CLANG_ENABLE_MODULES = YES;
				CLANG_ENABLE_OBJC_ARC = YES;
				CLANG_ENABLE_OBJC_WEAK = YES;
				CLANG_WARN_BLOCK_CAPTURE_AUTORELEASING = YES;
				CLANG_WARN_BOOL_CONVERSION = YES;
				CLANG_WARN_COMMA = YES;
				CLANG_WARN_CONSTANT_CONVERSION = YES;
				CLANG_WARN_DEPRECATED_OBJC_IMPLEMENTATIONS = YES;
				CLANG_WARN_DIRECT_OBJC_ISA_USAGE = YES_ERROR;
				CLANG_WARN_DOCUMENTATION_COMMENTS = YES;
				CLANG_WARN_EMPTY_BODY = YES;
				CLANG_WARN_ENUM_CONVERSION = YES;
				CLANG_WARN_INFINITE_RECURSION = YES;
				CLANG_WARN_INT_CONVERSION = YES;
				CLANG_WARN_NON_LITERAL_NULL_CONVERSION = YES;
				CLANG_WARN_OBJC_IMPLICIT_RETAIN_SELF = YES;
				CLANG_WARN_OBJC_LITERAL_CONVERSION = YES;
				CLANG_WARN_OBJC_ROOT_CLASS = YES_ERROR;
				CLANG_WARN_RANGE_LOOP_ANALYSIS = YES;
				CLANG_WARN_STRICT_PROTOTYPES = YES;
				CLANG_WARN_SUSPICIOUS_MOVE = YES;
				CLANG_WARN_UNGUARDED_AVAILABILITY = YES_AGGRESSIVE;
				CLANG_WARN_UNREACHABLE_CODE = YES;
				CLANG_WARN__DUPLICATE_METHOD_MATCH = YES;
				CODE_SIGN_IDENTITY = "iPhone Developer";
				COPY_PHASE_STRIP = NO;
				DEBUG_INFORMATION_FORMAT = dwarf;
				ENABLE_STRICT_OBJC_MSGSEND = YES;
				ENABLE_TESTABILITY = YES;
				GCC_C_LANGUAGE_STANDARD = gnu11;
				GCC_DYNAMIC_NO_PIC = NO;
				GCC_NO_COMMON_BLOCKS = YES;
				GCC_OPTIMIZATION_LEVEL = 0;
				GCC_PREPROCESSOR_DEFINITIONS = (
					"DEBUG=1",
					"$(inherited)",
				);
				GCC_WARN_64_TO_32_BIT_CONVERSION = YES;
				GCC_WARN_ABOUT_RETURN_TYPE = YES_ERROR;
				GCC_WARN_UNDECLARED_SELECTOR = YES;
				GCC_WARN_UNINITIALIZED_AUTOS = YES_AGGRESSIVE;
				GCC_WARN_UNUSED_FUNCTION = YES;
				GCC_WARN_UNUSED_VARIABLE = YES;
				IPHONEOS_DEPLOYMENT_TARGET = 12.4;
				MTL_ENABLE_DEBUG_INFO = INCLUDE_SOURCE;
				MTL_FAST_MATH = YES;
				ONLY_ACTIVE_ARCH = YES;
				SDKROOT = iphoneos;
				SWIFT_ACTIVE_COMPILATION_CONDITIONS = DEBUG;
				SWIFT_OPTIMIZATION_LEVEL = "-Onone";
			};
			name = Debug;
		};
		D551B27223C45B650061E4A8 /* Release */ = {
			isa = XCBuildConfiguration;
			buildSettings = {
				ALWAYS_SEARCH_USER_PATHS = NO;
				CLANG_ANALYZER_NONNULL = YES;
				CLANG_ANALYZER_NUMBER_OBJECT_CONVERSION = YES_AGGRESSIVE;
				CLANG_CXX_LANGUAGE_STANDARD = "gnu++14";
				CLANG_CXX_LIBRARY = "libc++";
				CLANG_ENABLE_MODULES = YES;
				CLANG_ENABLE_OBJC_ARC = YES;
				CLANG_ENABLE_OBJC_WEAK = YES;
				CLANG_WARN_BLOCK_CAPTURE_AUTORELEASING = YES;
				CLANG_WARN_BOOL_CONVERSION = YES;
				CLANG_WARN_COMMA = YES;
				CLANG_WARN_CONSTANT_CONVERSION = YES;
				CLANG_WARN_DEPRECATED_OBJC_IMPLEMENTATIONS = YES;
				CLANG_WARN_DIRECT_OBJC_ISA_USAGE = YES_ERROR;
				CLANG_WARN_DOCUMENTATION_COMMENTS = YES;
				CLANG_WARN_EMPTY_BODY = YES;
				CLANG_WARN_ENUM_CONVERSION = YES;
				CLANG_WARN_INFINITE_RECURSION = YES;
				CLANG_WARN_INT_CONVERSION = YES;
				CLANG_WARN_NON_LITERAL_NULL_CONVERSION = YES;
				CLANG_WARN_OBJC_IMPLICIT_RETAIN_SELF = YES;
				CLANG_WARN_OBJC_LITERAL_CONVERSION = YES;
				CLANG_WARN_OBJC_ROOT_CLASS = YES_ERROR;
				CLANG_WARN_RANGE_LOOP_ANALYSIS = YES;
				CLANG_WARN_STRICT_PROTOTYPES = YES;
				CLANG_WARN_SUSPICIOUS_MOVE = YES;
				CLANG_WARN_UNGUARDED_AVAILABILITY = YES_AGGRESSIVE;
				CLANG_WARN_UNREACHABLE_CODE = YES;
				CLANG_WARN__DUPLICATE_METHOD_MATCH = YES;
				CODE_SIGN_IDENTITY = "iPhone Developer";
				COPY_PHASE_STRIP = NO;
				DEBUG_INFORMATION_FORMAT = "dwarf-with-dsym";
				ENABLE_NS_ASSERTIONS = NO;
				ENABLE_STRICT_OBJC_MSGSEND = YES;
				GCC_C_LANGUAGE_STANDARD = gnu11;
				GCC_NO_COMMON_BLOCKS = YES;
				GCC_WARN_64_TO_32_BIT_CONVERSION = YES;
				GCC_WARN_ABOUT_RETURN_TYPE = YES_ERROR;
				GCC_WARN_UNDECLARED_SELECTOR = YES;
				GCC_WARN_UNINITIALIZED_AUTOS = YES_AGGRESSIVE;
				GCC_WARN_UNUSED_FUNCTION = YES;
				GCC_WARN_UNUSED_VARIABLE = YES;
				IPHONEOS_DEPLOYMENT_TARGET = 12.4;
				MTL_ENABLE_DEBUG_INFO = NO;
				MTL_FAST_MATH = YES;
				SDKROOT = iphoneos;
				SWIFT_COMPILATION_MODE = wholemodule;
				SWIFT_OPTIMIZATION_LEVEL = "-O";
				VALIDATE_PRODUCT = YES;
			};
			name = Release;
		};
		D551B27423C45B650061E4A8 /* Debug */ = {
			isa = XCBuildConfiguration;
			baseConfigurationReference = 4B3D4397C05C63659C7BD117 /* Pods-MyCloudMusicSwift.debug.xcconfig */;
			buildSettings = {
				ASSETCATALOG_COMPILER_APPICON_NAME = AppIcon;
				CLANG_ENABLE_MODULES = YES;
				CODE_SIGN_STYLE = Automatic;
				INFOPLIST_FILE = MyCloudMusicSwift/Info.plist;
				LD_RUNPATH_SEARCH_PATHS = (
					"$(inherited)",
					"@executable_path/Frameworks",
				);
				PRODUCT_BUNDLE_IDENTIFIER = com.xuge.MyCloudMusicSwift;
				PRODUCT_NAME = "$(TARGET_NAME)";
				SWIFT_OBJC_BRIDGING_HEADER = "MyCloudMusicSwift/MyCloudMusicSwift-Bridging-Header.h";
				SWIFT_OPTIMIZATION_LEVEL = "-Onone";
				SWIFT_VERSION = 5.0;
				TARGETED_DEVICE_FAMILY = "1,2";
			};
			name = Debug;
		};
		D551B27523C45B650061E4A8 /* Release */ = {
			isa = XCBuildConfiguration;
			baseConfigurationReference = 86A5DF4B34FCB06D8E8B8042 /* Pods-MyCloudMusicSwift.release.xcconfig */;
			buildSettings = {
				ASSETCATALOG_COMPILER_APPICON_NAME = AppIcon;
				CLANG_ENABLE_MODULES = YES;
				CODE_SIGN_STYLE = Automatic;
				INFOPLIST_FILE = MyCloudMusicSwift/Info.plist;
				LD_RUNPATH_SEARCH_PATHS = (
					"$(inherited)",
					"@executable_path/Frameworks",
				);
				PRODUCT_BUNDLE_IDENTIFIER = com.xuge.MyCloudMusicSwift;
				PRODUCT_NAME = "$(TARGET_NAME)";
				SWIFT_OBJC_BRIDGING_HEADER = "MyCloudMusicSwift/MyCloudMusicSwift-Bridging-Header.h";
				SWIFT_VERSION = 5.0;
				TARGETED_DEVICE_FAMILY = "1,2";
			};
			name = Release;
		};
		D551B27723C45B650061E4A8 /* Debug */ = {
			isa = XCBuildConfiguration;
			baseConfigurationReference = 7CB426D8A3B37D57E2912A40 /* Pods-MyCloudMusicSwiftTests.debug.xcconfig */;
			buildSettings = {
				ALWAYS_EMBED_SWIFT_STANDARD_LIBRARIES = YES;
				BUNDLE_LOADER = "$(TEST_HOST)";
				CODE_SIGN_STYLE = Automatic;
				DEFINES_MODULE = YES;
				INFOPLIST_FILE = MyCloudMusicSwiftTests/Info.plist;
				LD_RUNPATH_SEARCH_PATHS = (
					"$(inherited)",
					"@executable_path/Frameworks",
					"@loader_path/Frameworks",
				);
				PRODUCT_BUNDLE_IDENTIFIER = com.xuge.MyCloudMusicSwiftTests;
				PRODUCT_NAME = "$(TARGET_NAME)";
				SWIFT_OBJC_BRIDGING_HEADER = "MyCloudMusicSwift/mycloudmusicswift-Bridging-Header.h";
				SWIFT_VERSION = 5.0;
				TARGETED_DEVICE_FAMILY = "1,2";
				TEST_HOST = "$(BUILT_PRODUCTS_DIR)/MyCloudMusicSwift.app/MyCloudMusicSwift";
			};
			name = Debug;
		};
		D551B27823C45B650061E4A8 /* Release */ = {
			isa = XCBuildConfiguration;
			baseConfigurationReference = 2B38DA2844B4C3310461F900 /* Pods-MyCloudMusicSwiftTests.release.xcconfig */;
			buildSettings = {
				ALWAYS_EMBED_SWIFT_STANDARD_LIBRARIES = YES;
				BUNDLE_LOADER = "$(TEST_HOST)";
				CODE_SIGN_STYLE = Automatic;
				DEFINES_MODULE = YES;
				INFOPLIST_FILE = MyCloudMusicSwiftTests/Info.plist;
				LD_RUNPATH_SEARCH_PATHS = (
					"$(inherited)",
					"@executable_path/Frameworks",
					"@loader_path/Frameworks",
				);
				PRODUCT_BUNDLE_IDENTIFIER = com.xuge.MyCloudMusicSwiftTests;
				PRODUCT_NAME = "$(TARGET_NAME)";
				SWIFT_OBJC_BRIDGING_HEADER = "MyCloudMusicSwift/mycloudmusicswift-Bridging-Header.h";
				SWIFT_VERSION = 5.0;
				TARGETED_DEVICE_FAMILY = "1,2";
				TEST_HOST = "$(BUILT_PRODUCTS_DIR)/MyCloudMusicSwift.app/MyCloudMusicSwift";
			};
			name = Release;
		};
		D551B27A23C45B650061E4A8 /* Debug */ = {
			isa = XCBuildConfiguration;
			baseConfigurationReference = A1D40123F3F437B84F975FBC /* Pods-MyCloudMusicSwift-MyCloudMusicSwiftUITests.debug.xcconfig */;
			buildSettings = {
				ALWAYS_EMBED_SWIFT_STANDARD_LIBRARIES = YES;
				CODE_SIGN_STYLE = Automatic;
				INFOPLIST_FILE = MyCloudMusicSwiftUITests/Info.plist;
				LD_RUNPATH_SEARCH_PATHS = (
					"$(inherited)",
					"@executable_path/Frameworks",
					"@loader_path/Frameworks",
				);
				PRODUCT_BUNDLE_IDENTIFIER = com.xuge.MyCloudMusicSwiftUITests;
				PRODUCT_NAME = "$(TARGET_NAME)";
				SWIFT_VERSION = 5.0;
				TARGETED_DEVICE_FAMILY = "1,2";
				TEST_TARGET_NAME = MyCloudMusicSwift;
			};
			name = Debug;
		};
		D551B27B23C45B650061E4A8 /* Release */ = {
			isa = XCBuildConfiguration;
			baseConfigurationReference = A60CFEE8DABCBB5C6D26A611 /* Pods-MyCloudMusicSwift-MyCloudMusicSwiftUITests.release.xcconfig */;
			buildSettings = {
				ALWAYS_EMBED_SWIFT_STANDARD_LIBRARIES = YES;
				CODE_SIGN_STYLE = Automatic;
				INFOPLIST_FILE = MyCloudMusicSwiftUITests/Info.plist;
				LD_RUNPATH_SEARCH_PATHS = (
					"$(inherited)",
					"@executable_path/Frameworks",
					"@loader_path/Frameworks",
				);
				PRODUCT_BUNDLE_IDENTIFIER = com.xuge.MyCloudMusicSwiftUITests;
				PRODUCT_NAME = "$(TARGET_NAME)";
				SWIFT_VERSION = 5.0;
				TARGETED_DEVICE_FAMILY = "1,2";
				TEST_TARGET_NAME = MyCloudMusicSwift;
			};
			name = Release;
		};
/* End XCBuildConfiguration section */

/* Begin XCConfigurationList section */
		D551B24623C45B620061E4A8 /* Build configuration list for PBXProject "MyCloudMusicSwift" */ = {
			isa = XCConfigurationList;
			buildConfigurations = (
				D551B27123C45B650061E4A8 /* Debug */,
				D551B27223C45B650061E4A8 /* Release */,
			);
			defaultConfigurationIsVisible = 0;
			defaultConfigurationName = Release;
		};
		D551B27323C45B650061E4A8 /* Build configuration list for PBXNativeTarget "MyCloudMusicSwift" */ = {
			isa = XCConfigurationList;
			buildConfigurations = (
				D551B27423C45B650061E4A8 /* Debug */,
				D551B27523C45B650061E4A8 /* Release */,
			);
			defaultConfigurationIsVisible = 0;
			defaultConfigurationName = Release;
		};
		D551B27623C45B650061E4A8 /* Build configuration list for PBXNativeTarget "MyCloudMusicSwiftTests" */ = {
			isa = XCConfigurationList;
			buildConfigurations = (
				D551B27723C45B650061E4A8 /* Debug */,
				D551B27823C45B650061E4A8 /* Release */,
			);
			defaultConfigurationIsVisible = 0;
			defaultConfigurationName = Release;
		};
		D551B27923C45B650061E4A8 /* Build configuration list for PBXNativeTarget "MyCloudMusicSwiftUITests" */ = {
			isa = XCConfigurationList;
			buildConfigurations = (
				D551B27A23C45B650061E4A8 /* Debug */,
				D551B27B23C45B650061E4A8 /* Release */,
			);
			defaultConfigurationIsVisible = 0;
			defaultConfigurationName = Release;
		};
/* End XCConfigurationList section */
	};
	rootObject = D551B24323C45B620061E4A8 /* Project object */;
}
